
Microsoft Visual Studio Solution File, Format Version 12.00
# Visual Studio Version 17
VisualStudioVersion = 17.14.36109.1
MinimumVisualStudioVersion = 10.0.40219.1
Project("{FAE04EC0-301F-11D3-BF4B-00C04F79EFBC}") = "PlanlaBakalim.Core", "PlanlaBakalim.Core\PlanlaBakalim.Core.csproj", "{B889BEE2-956E-4E71-8FBD-CED4C44A848D}"
EndProject
Project("{FAE04EC0-301F-11D3-BF4B-00C04F79EFBC}") = "PlanlaBakalim.Data", "PlanlaBakalim.Data\PlanlaBakalim.Data.csproj", "{F7CA355A-1900-410D-8CBD-4DE2870954E5}"
EndProject
Project("{FAE04EC0-301F-11D3-BF4B-00C04F79EFBC}") = "PlanlaBakalim.Service", "PlanlaBakalim.Service\PlanlaBakalim.Service.csproj", "{79B1EF75-4D46-478E-9092-8168137E0C18}"
EndProject
Project("{FAE04EC0-301F-11D3-BF4B-00C04F79EFBC}") = "PlanlaBakalim.WebUI", "PlanlaBakalim.WebUI\PlanlaBakalim.WebUI.csproj", "{37D7E710-D67F-4A7B-ADA3-CA882526AA98}"
EndProject
Project("{FAE04EC0-301F-11D3-BF4B-00C04F79EFBC}") = "PlanlaBakalim.Utilities", "PlanlaBakalimTools\PlanlaBakalim.Utilities.csproj", "{DF38F409-F873-4539-A1DD-47E4164747B4}"
EndProject
Global
	GlobalSection(SolutionConfigurationPlatforms) = preSolution
		Debug|Any CPU = Debug|Any CPU
		Release|Any CPU = Release|Any CPU
	EndGlobalSection
	GlobalSection(ProjectConfigurationPlatforms) = postSolution
		{B889BEE2-956E-4E71-8FBD-CED4C44A848D}.Debug|Any CPU.ActiveCfg = Debug|Any CPU
		{B889BEE2-956E-4E71-8FBD-CED4C44A848D}.Debug|Any CPU.Build.0 = Debug|Any CPU
		{B889BEE2-956E-4E71-8FBD-CED4C44A848D}.Release|Any CPU.ActiveCfg = Release|Any CPU
		{B889BEE2-956E-4E71-8FBD-CED4C44A848D}.Release|Any CPU.Build.0 = Release|Any CPU
		{F7CA355A-1900-410D-8CBD-4DE2870954E5}.Debug|Any CPU.ActiveCfg = Debug|Any CPU
		{F7CA355A-1900-410D-8CBD-4DE2870954E5}.Debug|Any CPU.Build.0 = Debug|Any CPU
		{F7CA355A-1900-410D-8CBD-4DE2870954E5}.Release|Any CPU.ActiveCfg = Release|Any CPU
		{F7CA355A-1900-410D-8CBD-4DE2870954E5}.Release|Any CPU.Build.0 = Release|Any CPU
		{79B1EF75-4D46-478E-9092-8168137E0C18}.Debug|Any CPU.ActiveCfg = Debug|Any CPU
		{79B1EF75-4D46-478E-9092-8168137E0C18}.Debug|Any CPU.Build.0 = Debug|Any CPU
		{79B1EF75-4D46-478E-9092-8168137E0C18}.Release|Any CPU.ActiveCfg = Release|Any CPU
		{79B1EF75-4D46-478E-9092-8168137E0C18}.Release|Any CPU.Build.0 = Release|Any CPU
		{37D7E710-D67F-4A7B-ADA3-CA882526AA98}.Debug|Any CPU.ActiveCfg = Debug|Any CPU
		{37D7E710-D67F-4A7B-ADA3-CA882526AA98}.Debug|Any CPU.Build.0 = Debug|Any CPU
		{37D7E710-D67F-4A7B-ADA3-CA882526AA98}.Release|Any CPU.ActiveCfg = Release|Any CPU
		{37D7E710-D67F-4A7B-ADA3-CA882526AA98}.Release|Any CPU.Build.0 = Release|Any CPU
		{DF38F409-F873-4539-A1DD-47E4164747B4}.Debug|Any CPU.ActiveCfg = Debug|Any CPU
		{DF38F409-F873-4539-A1DD-47E4164747B4}.Debug|Any CPU.Build.0 = Debug|Any CPU
		{DF38F409-F873-4539-A1DD-47E4164747B4}.Release|Any CPU.ActiveCfg = Release|Any CPU
		{DF38F409-F873-4539-A1DD-47E4164747B4}.Release|Any CPU.Build.0 = Release|Any CPU
	EndGlobalSection
	GlobalSection(SolutionProperties) = preSolution
		HideSolutionNode = FALSE
	EndGlobalSection
	GlobalSection(ExtensibilityGlobals) = postSolution
		SolutionGuid = {16903E5D-E4C4-4FE8-B968-60B1BC51CBDF}
	EndGlobalSection
EndGlobal
